<?xml version="1.0" encoding="utf-8"?>
<Project ToolsVersion="4.0" xmlns="http://schemas.microsoft.com/developer/msbuild/2003">
  <ItemGroup>
    <Filter Include="Source Files">
      <UniqueIdentifier>{4FC737F1-C7A5-4376-A066-2A32D752A2FF}</UniqueIdentifier>
      <Extensions>cpp;c;cc;cxx;def;odl;idl;hpj;bat;asm;asmx</Extensions>
    </Filter>
    <Filter Include="Header Files">
      <UniqueIdentifier>{93995380-89BD-4b04-88EB-625FBE52EBFB}</UniqueIdentifier>
      <Extensions>h;hpp;hxx;hm;inl;inc;xsd</Extensions>
    </Filter>
    <Filter Include="Resource Files">
      <UniqueIdentifier>{67DA6AB6-F800-4c08-8B7A-83BB121AAD01}</UniqueIdentifier>
      <Extensions>rc;ico;cur;bmp;dlg;rc2;rct;bin;rgs;gif;jpg;jpeg;jpe;resx;tiff;tif;png;wav</Extensions>
    </Filter>
    <Filter Include="Generated Files">
      <UniqueIdentifier>{5d8ea7ef-34f3-40aa-8abf-02a9e0068bbd}</UniqueIdentifier>
      <SourceControlFiles>False</SourceControlFiles>
    </Filter>
  </ItemGroup>
  <ItemGroup>
    <ClCompile Include="Apparatus.cpp">
      <Filter>Source Files</Filter>
    </ClCompile>
    <ClCompile Include="DetectData.cpp">
      <Filter>Source Files</Filter>
    </ClCompile>
    <ClCompile Include="Detector.cpp">
      <Filter>Source Files</Filter>
    </ClCompile>
    <ClCompile Include="dlldatax.c">
      <Filter>Source Files</Filter>
    </ClCompile>
    <ClCompile Include="dllmain.cpp">
      <Filter>Source Files</Filter>
    </ClCompile>
    <ClCompile Include="Electromagnet.cpp">
      <Filter>Source Files</Filter>
    </ClCompile>
    <ClCompile Include="EventDef.cpp">
      <Filter>Source Files</Filter>
    </ClCompile>
    <ClCompile Include="EventMgr.cpp">
      <Filter>Source Files</Filter>
    </ClCompile>
    <ClCompile Include="HeightLaser.cpp">
      <Filter>Source Files</Filter>
    </ClCompile>
    <ClCompile Include="HighVoltage.cpp">
      <Filter>Source Files</Filter>
    </ClCompile>
    <ClCompile Include="MotorControl.cpp">
      <Filter>Source Files</Filter>
    </ClCompile>
    <ClCompile Include="stdafx.cpp">
      <Filter>Source Files</Filter>
    </ClCompile>
    <ClCompile Include="SurfaceSource.cpp">
      <Filter>Source Files</Filter>
    </ClCompile>
    <ClCompile Include="VacuumPump.cpp">
      <Filter>Source Files</Filter>
    </ClCompile>
    <ClCompile Include="XRFNet.cpp">
      <Filter>Source Files</Filter>
    </ClCompile>
    <ClCompile Include="XRFNetwork.cpp">
      <Filter>Source Files</Filter>
    </ClCompile>
    <ClCompile Include="XRFRayTube.cpp">
      <Filter>Source Files</Filter>
    </ClCompile>
    <ClCompile Include="XRFNet_i.c">
      <Filter>Generated Files</Filter>
    </ClCompile>
  </ItemGroup>
  <ItemGroup>
    <None Include="XRFNet.def">
      <Filter>Source Files</Filter>
    </None>
    <None Include="Apparatus.rgs">
      <Filter>Resource Files</Filter>
    </None>
    <None Include="DetectData.rgs">
      <Filter>Resource Files</Filter>
    </None>
    <None Include="DetectorDlg.rgs">
      <Filter>Resource Files</Filter>
    </None>
    <None Include="Electromagnet.rgs">
      <Filter>Resource Files</Filter>
    </None>
    <None Include="HighVoltage.rgs">
      <Filter>Resource Files</Filter>
    </None>
    <None Include="LaserAltimeter.rgs">
      <Filter>Resource Files</Filter>
    </None>
    <None Include="MotorControl.rgs">
      <Filter>Resource Files</Filter>
    </None>
    <None Include="SurfaceSource.rgs">
      <Filter>Resource Files</Filter>
    </None>
    <None Include="VacuumPump.rgs">
      <Filter>Resource Files</Filter>
    </None>
    <None Include="XRFNet.rgs">
      <Filter>Resource Files</Filter>
    </None>
    <None Include="XRFNetwork.rgs">
      <Filter>Resource Files</Filter>
    </None>
    <None Include="XRFRay.rgs">
      <Filter>Resource Files</Filter>
    </None>
  </ItemGroup>
  <ItemGroup>
    <Midl Include="XRFNet.idl">
      <Filter>Source Files</Filter>
    </Midl>
  </ItemGroup>
  <ItemGroup>
    <ClInclude Include="Apparatus.h">
      <Filter>Header Files</Filter>
    </ClInclude>
    <ClInclude Include="DetectData.h">
      <Filter>Header Files</Filter>
    </ClInclude>
    <ClInclude Include="Detector.h">
      <Filter>Header Files</Filter>
    </ClInclude>
    <ClInclude Include="dlldatax.h">
      <Filter>Header Files</Filter>
    </ClInclude>
    <ClInclude Include="dllmain.h">
      <Filter>Header Files</Filter>
    </ClInclude>
    <ClInclude Include="Electromagnet.h">
      <Filter>Header Files</Filter>
    </ClInclude>
    <ClInclude Include="EventDef.h">
      <Filter>Header Files</Filter>
    </ClInclude>
    <ClInclude Include="EventMgr.h">
      <Filter>Header Files</Filter>
    </ClInclude>
    <ClInclude Include="HeightLaser.h">
      <Filter>Header Files</Filter>
    </ClInclude>
    <ClInclude Include="HighVoltage.h">
      <Filter>Header Files</Filter>
    </ClInclude>
    <ClInclude Include="IEventMgr.h">
      <Filter>Header Files</Filter>
    </ClInclude>
    <ClInclude Include="MotorControl.h">
      <Filter>Header Files</Filter>
    </ClInclude>
    <ClInclude Include="Resource.h">
      <Filter>Header Files</Filter>
    </ClInclude>
    <ClInclude Include="stdafx.h">
      <Filter>Header Files</Filter>
    </ClInclude>
    <ClInclude Include="SurfaceSource.h">
      <Filter>Header Files</Filter>
    </ClInclude>
    <ClInclude Include="targetver.h">
      <Filter>Header Files</Filter>
    </ClInclude>
    <ClInclude Include="VacuumPump.h">
      <Filter>Header Files</Filter>
    </ClInclude>
    <ClInclude Include="XRFNetwork.h">
      <Filter>Header Files</Filter>
    </ClInclude>
    <ClInclude Include="XRFRayTube.h">
      <Filter>Header Files</Filter>
    </ClInclude>
    <ClInclude Include="XRFNet_i.h">
      <Filter>Generated Files</Filter>
    </ClInclude>
  </ItemGroup>
  <ItemGroup>
    <ResourceCompile Include="XRFNet.rc">
      <Filter>Resource Files</Filter>
    </ResourceCompile>
  </ItemGroup>
  <ItemGroup>
    <Text Include="ReadMe.txt" />
  </ItemGroup>
</Project>