<?xml version="1.0" encoding="utf-8"?>
<Project ToolsVersion="4.0" xmlns="http://schemas.microsoft.com/developer/msbuild/2003">
  <ItemGroup>
    <Filter Include="Source Files">
      <UniqueIdentifier>{4FC737F1-C7A5-4376-A066-2A32D752A2FF}</UniqueIdentifier>
      <Extensions>cpp;c;cc;cxx;def;odl;idl;hpj;bat;asm;asmx</Extensions>
    </Filter>
    <Filter Include="Header Files">
      <UniqueIdentifier>{93995380-89BD-4b04-88EB-625FBE52EBFB}</UniqueIdentifier>
      <Extensions>h;hpp;hxx;hm;inl;inc;xsd</Extensions>
    </Filter>
    <Filter Include="Interface">
      <UniqueIdentifier>{26b4daa8-b56d-414c-9132-239351e02e20}</UniqueIdentifier>
    </Filter>
  </ItemGroup>
  <ItemGroup>
    <ClCompile Include="ConsoleDlg.cpp">
      <Filter>Source Files</Filter>
    </ClCompile>
    <ClCompile Include="ConsoleThread.cpp">
      <Filter>Source Files</Filter>
    </ClCompile>
    <ClCompile Include="dllmain.cpp">
      <Filter>Source Files</Filter>
    </ClCompile>
    <ClCompile Include="EndPointMgr.cpp">
      <Filter>Source Files</Filter>
    </ClCompile>
    <ClCompile Include="NetKernel.cpp">
      <Filter>Source Files</Filter>
    </ClCompile>
    <ClCompile Include="NetLib.cpp">
      <Filter>Source Files</Filter>
    </ClCompile>
    <ClCompile Include="Packing.cpp">
      <Filter>Source Files</Filter>
    </ClCompile>
    <ClCompile Include="RecvThread.cpp">
      <Filter>Source Files</Filter>
    </ClCompile>
    <ClCompile Include="RemoteServer.cpp">
      <Filter>Source Files</Filter>
    </ClCompile>
    <ClCompile Include="SendThread.cpp">
      <Filter>Source Files</Filter>
    </ClCompile>
    <ClCompile Include="stdafx.cpp">
      <Filter>Source Files</Filter>
    </ClCompile>
    <ClCompile Include="Transponder.cpp">
      <Filter>Source Files</Filter>
    </ClCompile>
    <ClCompile Include="Transport.cpp">
      <Filter>Source Files</Filter>
    </ClCompile>
    <ClCompile Include="Unpacking.cpp">
      <Filter>Source Files</Filter>
    </ClCompile>
  </ItemGroup>
  <ItemGroup>
    <ClInclude Include="ConsoleDlg.h">
      <Filter>Header Files</Filter>
    </ClInclude>
    <ClInclude Include="ConsoleThread.h">
      <Filter>Header Files</Filter>
    </ClInclude>
    <ClInclude Include="EndPointMgr.h">
      <Filter>Header Files</Filter>
    </ClInclude>
    <ClInclude Include="NetKernel.h">
      <Filter>Header Files</Filter>
    </ClInclude>
    <ClInclude Include="Packing.h">
      <Filter>Header Files</Filter>
    </ClInclude>
    <ClInclude Include="RecvThread.h">
      <Filter>Header Files</Filter>
    </ClInclude>
    <ClInclude Include="RemoteServer.h">
      <Filter>Header Files</Filter>
    </ClInclude>
    <ClInclude Include="Resource.h">
      <Filter>Header Files</Filter>
    </ClInclude>
    <ClInclude Include="SendThread.h">
      <Filter>Header Files</Filter>
    </ClInclude>
    <ClInclude Include="stdafx.h">
      <Filter>Header Files</Filter>
    </ClInclude>
    <ClInclude Include="targetver.h">
      <Filter>Header Files</Filter>
    </ClInclude>
    <ClInclude Include="Transponder.h">
      <Filter>Header Files</Filter>
    </ClInclude>
    <ClInclude Include="Transport.h">
      <Filter>Header Files</Filter>
    </ClInclude>
    <ClInclude Include="Unpacking.h">
      <Filter>Header Files</Filter>
    </ClInclude>
    <ClInclude Include="Interface\IEndPoint.h">
      <Filter>Interface</Filter>
    </ClInclude>
    <ClInclude Include="Interface\IEndPointMgr.h">
      <Filter>Interface</Filter>
    </ClInclude>
    <ClInclude Include="Interface\INetKernel.h">
      <Filter>Interface</Filter>
    </ClInclude>
    <ClInclude Include="Interface\INetKernelCallback.h">
      <Filter>Interface</Filter>
    </ClInclude>
    <ClInclude Include="Interface\IPacking.h">
      <Filter>Interface</Filter>
    </ClInclude>
    <ClInclude Include="Interface\ITransponder.h">
      <Filter>Interface</Filter>
    </ClInclude>
    <ClInclude Include="Interface\ITransport.h">
      <Filter>Interface</Filter>
    </ClInclude>
    <ClInclude Include="Interface\IUnpacking.h">
      <Filter>Interface</Filter>
    </ClInclude>
  </ItemGroup>
  <ItemGroup>
    <ResourceCompile Include="NetLib.rc" />
  </ItemGroup>
</Project>